<?xml version="1.0" encoding="utf-8"?>
<Project ToolsVersion="4.0" xmlns="http://schemas.microsoft.com/developer/msbuild/2003">
  <ItemGroup>
    <Filter Include="Source Files">
      <UniqueIdentifier>{4FC737F1-C7A5-4376-A066-2A32D752A2FF}</UniqueIdentifier>
      <Extensions>cpp;c;cc;cxx;def;odl;idl;hpj;bat;asm;asmx</Extensions>
    </Filter>
    <Filter Include="Header Files">
      <UniqueIdentifier>{93995380-89BD-4b04-88EB-625FBE52EBFB}</UniqueIdentifier>
      <Extensions>h;hh;hpp;hxx;hm;inl;inc;ipp;xsd</Extensions>
    </Filter>
    <Filter Include="Resource Files">
      <UniqueIdentifier>{67DA6AB6-F800-4c08-8B7A-83BB121AAD01}</UniqueIdentifier>
      <Extensions>rc;ico;cur;bmp;dlg;rc2;rct;bin;rgs;gif;jpg;jpeg;jpe;resx;tiff;tif;png;wav;mfcribbon-ms</Extensions>
    </Filter>
    <Filter Include="Shaders">
      <UniqueIdentifier>{60f6bac0-ac95-4493-9e15-40457db95f09}</UniqueIdentifier>
    </Filter>
    <Filter Include="DebugRenderer">
      <UniqueIdentifier>{bba1383a-1a1c-4ee7-9b84-b0c6b9646a64}</UniqueIdentifier>
    </Filter>
    <Filter Include="Physics">
      <UniqueIdentifier>{ff392894-8907-4e3d-8033-dd497b22c6a2}</UniqueIdentifier>
    </Filter>
    <Filter Include="LightManager">
      <UniqueIdentifier>{4d24adbe-4aca-4875-8dab-0666c5843151}</UniqueIdentifier>
    </Filter>
    <Filter Include="LowPassFilter">
      <UniqueIdentifier>{90db0187-9f5a-4e25-917c-0920eed7abc9}</UniqueIdentifier>
    </Filter>
    <Filter Include="GameItem %28Factory%29">
      <UniqueIdentifier>{8a4cd80a-c9f7-4d5c-9aec-d834e1d28014}</UniqueIdentifier>
    </Filter>
    <Filter Include="GameItem %28Factory%29\GameObject">
      <UniqueIdentifier>{2323eb35-8f0b-4d86-ac10-d17295e1f1b7}</UniqueIdentifier>
    </Filter>
    <Filter Include="Messages">
      <UniqueIdentifier>{65290bae-4b4a-420c-abeb-83016807c2ba}</UniqueIdentifier>
    </Filter>
    <Filter Include="Particles">
      <UniqueIdentifier>{9b1ce896-5c95-4821-8ad2-339fe1fb5d4d}</UniqueIdentifier>
    </Filter>
    <Filter Include="AudioItems">
      <UniqueIdentifier>{9f51edd6-465d-495e-8cb0-8ba3c9f49b4e}</UniqueIdentifier>
    </Filter>
    <Filter Include="Textures">
      <UniqueIdentifier>{3fb7f4e8-9598-4934-8ef5-6371375f7b36}</UniqueIdentifier>
    </Filter>
    <Filter Include="JSONLoader">
      <UniqueIdentifier>{de1de2e1-2827-47a9-add7-e081e05bb403}</UniqueIdentifier>
    </Filter>
    <Filter Include="BroadFaceCollision">
      <UniqueIdentifier>{c98997a0-7f2b-48d1-bb63-e42e9e561698}</UniqueIdentifier>
    </Filter>
    <Filter Include="Cameras">
      <UniqueIdentifier>{4b4b13de-8d19-427f-b491-982abb6bd707}</UniqueIdentifier>
    </Filter>
    <Filter Include="Commands">
      <UniqueIdentifier>{9d2b0555-a1bf-49ba-851f-f36f5c1a68c3}</UniqueIdentifier>
    </Filter>
  </ItemGroup>
  <ItemGroup>
    <ClCompile Include="theMain.cpp">
      <Filter>Source Files</Filter>
    </ClCompile>
    <ClCompile Include="glad.c">
      <Filter>Source Files</Filter>
    </ClCompile>
    <ClCompile Include="cModelLoader.cpp">
      <Filter>Source Files</Filter>
    </ClCompile>
    <ClCompile Include="cVAOManager.cpp">
      <Filter>Source Files</Filter>
    </ClCompile>
    <ClCompile Include="cShader.cpp">
      <Filter>Source Files</Filter>
    </ClCompile>
    <ClCompile Include="cShaderManager.cpp">
      <Filter>Source Files</Filter>
    </ClCompile>
    <ClCompile Include="DebugRenderer\cDebugRenderer.cpp">
      <Filter>DebugRenderer</Filter>
    </ClCompile>
    <ClCompile Include="DebugRenderer\cDebugRenderer_BuiltInShapes.cpp">
      <Filter>DebugRenderer</Filter>
    </ClCompile>
    <ClCompile Include="DebugRenderer\COpenGLError.cpp">
      <Filter>DebugRenderer</Filter>
    </ClCompile>
    <ClCompile Include="DebugRenderer\CErrorLog.cpp">
      <Filter>DebugRenderer</Filter>
    </ClCompile>
    <ClCompile Include="DebugRenderer\cGLRenderStateHelper.cpp">
      <Filter>DebugRenderer</Filter>
    </ClCompile>
    <ClCompile Include="cGameObject.cpp">
      <Filter>GameItem %28Factory%29\GameObject</Filter>
    </ClCompile>
    <ClCompile Include="PhysicsStuff.cpp">
      <Filter>Physics</Filter>
    </ClCompile>
    <ClCompile Include="cPhysics.cpp">
      <Filter>Physics</Filter>
    </ClCompile>
    <ClCompile Include="cPhysics_Ericson.cpp">
      <Filter>Physics</Filter>
    </ClCompile>
    <ClCompile Include="LightManager\cLightHelper.cpp">
      <Filter>LightManager</Filter>
    </ClCompile>
    <ClCompile Include="UserInput.cpp">
      <Filter>Source Files</Filter>
    </ClCompile>
    <ClCompile Include="GFLW_callbacks.cpp">
      <Filter>Source Files</Filter>
    </ClCompile>
    <ClCompile Include="cLowPassFilter.cpp">
      <Filter>LowPassFilter</Filter>
    </ClCompile>
    <ClCompile Include="Scene.cpp">
      <Filter>Source Files</Filter>
    </ClCompile>
    <ClCompile Include="cLight.cpp">
      <Filter>Source Files</Filter>
    </ClCompile>
    <ClCompile Include="SceneEditor.cpp">
      <Filter>Source Files</Filter>
    </ClCompile>
    <ClCompile Include="GameItemFactory\GameItemFactory.cpp">
      <Filter>GameItem %28Factory%29</Filter>
    </ClCompile>
    <ClCompile Include="ParticleEmitter.cpp">
      <Filter>Source Files</Filter>
    </ClCompile>
    <ClCompile Include="audio_item.cpp">
      <Filter>AudioItems</Filter>
    </ClCompile>
    <ClCompile Include="audio_listener.cpp">
      <Filter>AudioItems</Filter>
    </ClCompile>
    <ClCompile Include="cGameAudio.cpp">
      <Filter>Source Files</Filter>
    </ClCompile>
    <ClCompile Include="globalStuff.cpp">
      <Filter>Source Files</Filter>
    </ClCompile>
    <ClCompile Include="util.cpp">
      <Filter>Source Files</Filter>
    </ClCompile>
    <ClCompile Include="C24BitBMPpixel.cpp">
      <Filter>Textures</Filter>
    </ClCompile>
    <ClCompile Include="cBasicTextureManager.cpp">
      <Filter>Textures</Filter>
    </ClCompile>
    <ClCompile Include="CTextureFromBMP.cpp">
      <Filter>Textures</Filter>
    </ClCompile>
    <ClCompile Include="cGLColourHelper.cpp">
      <Filter>Textures</Filter>
    </ClCompile>
    <ClCompile Include="JSON_IO.cpp">
      <Filter>JSONLoader</Filter>
    </ClCompile>
    <ClCompile Include="SkyBox.cpp">
      <Filter>Source Files</Filter>
    </ClCompile>
    <ClCompile Include="cAABB.cpp">
      <Filter>BroadFaceCollision</Filter>
    </ClCompile>
    <ClCompile Include="AABBGrid.cpp">
      <Filter>BroadFaceCollision</Filter>
    </ClCompile>
    <ClCompile Include="colors.cpp">
      <Filter>Source Files</Filter>
    </ClCompile>
    <ClCompile Include="BroadCollision.cpp">
      <Filter>BroadFaceCollision</Filter>
    </ClCompile>
    <ClCompile Include="Camera.cpp">
      <Filter>Cameras</Filter>
    </ClCompile>
    <ClCompile Include="FollowCamera.cpp">
      <Filter>Cameras</Filter>
    </ClCompile>
    <ClCompile Include="GameItemFactory\iGameItem.cpp">
      <Filter>GameItem %28Factory%29</Filter>
    </ClCompile>
    <ClCompile Include="quaternions_utils.cpp">
      <Filter>Source Files</Filter>
    </ClCompile>
    <ClCompile Include="ScriptBuilder.cpp">
      <Filter>Source Files</Filter>
    </ClCompile>
    <ClCompile Include="iCommand.cpp">
      <Filter>Commands</Filter>
    </ClCompile>
    <ClCompile Include="MoveCommand.cpp">
      <Filter>Commands</Filter>
    </ClCompile>
    <ClCompile Include="SerialCommand.cpp">
      <Filter>Source Files</Filter>
    </ClCompile>
    <ClCompile Include="ParallelCommand.cpp">
      <Filter>Source Files</Filter>
    </ClCompile>
  </ItemGroup>
  <ItemGroup>
    <ClInclude Include="cModelLoader.h">
      <Filter>Header Files</Filter>
    </ClInclude>
    <ClInclude Include="cMesh.h">
      <Filter>Header Files</Filter>
    </ClInclude>
    <ClInclude Include="cVAOManager.h">
      <Filter>Header Files</Filter>
    </ClInclude>
    <ClInclude Include="GLCommon.h">
      <Filter>Header Files</Filter>
    </ClInclude>
    <ClInclude Include="cShaderManager.h">
      <Filter>Header Files</Filter>
    </ClInclude>
    <ClInclude Include="DebugRenderer\cDebugRenderer.h">
      <Filter>DebugRenderer</Filter>
    </ClInclude>
    <ClInclude Include="DebugRenderer\iDebugRenderer.h">
      <Filter>DebugRenderer</Filter>
    </ClInclude>
    <ClInclude Include="DebugRenderer\COpenGLError.h">
      <Filter>DebugRenderer</Filter>
    </ClInclude>
    <ClInclude Include="DebugRenderer\CErrorLog.h">
      <Filter>DebugRenderer</Filter>
    </ClInclude>
    <ClInclude Include="DebugRenderer\cGLRenderStateHelper.h">
      <Filter>DebugRenderer</Filter>
    </ClInclude>
    <ClInclude Include="cPhysics.h">
      <Filter>Physics</Filter>
    </ClInclude>
    <ClInclude Include="cGameObject.h">
      <Filter>GameItem %28Factory%29\GameObject</Filter>
    </ClInclude>
    <ClInclude Include="PhysicsStuff.h">
      <Filter>Physics</Filter>
    </ClInclude>
    <ClInclude Include="LightManager\cLightHelper.h">
      <Filter>LightManager</Filter>
    </ClInclude>
    <ClInclude Include="GFLW_callbacks.h">
      <Filter>Header Files</Filter>
    </ClInclude>
    <ClInclude Include="globalStuff.h">
      <Filter>Header Files</Filter>
    </ClInclude>
    <ClInclude Include="cLowPassFilter.h">
      <Filter>LowPassFilter</Filter>
    </ClInclude>
    <ClInclude Include="Scene.h">
      <Filter>Header Files</Filter>
    </ClInclude>
    <ClInclude Include="cLight.h">
      <Filter>Header Files</Filter>
    </ClInclude>
    <ClInclude Include="UserInput.h">
      <Filter>Header Files</Filter>
    </ClInclude>
    <ClInclude Include="SceneEditor.h">
      <Filter>Header Files</Filter>
    </ClInclude>
    <ClInclude Include="GameItemFactory\iGameItem.h">
      <Filter>GameItem %28Factory%29</Filter>
    </ClInclude>
    <ClInclude Include="GameItemFactory\GameItemFactory.h">
      <Filter>GameItem %28Factory%29</Filter>
    </ClInclude>
    <ClInclude Include="Messages\iMessagable.h">
      <Filter>Messages</Filter>
    </ClInclude>
    <ClInclude Include="Messages\Message.h">
      <Filter>Messages</Filter>
    </ClInclude>
    <ClInclude Include="ParticleEmitter.h">
      <Filter>Header Files</Filter>
    </ClInclude>
    <ClInclude Include="audio_item.h">
      <Filter>AudioItems</Filter>
    </ClInclude>
    <ClInclude Include="audio_listener.h">
      <Filter>AudioItems</Filter>
    </ClInclude>
    <ClInclude Include="cGameAudio.h">
      <Filter>Header Files</Filter>
    </ClInclude>
    <ClInclude Include="util.h">
      <Filter>Header Files</Filter>
    </ClInclude>
    <ClInclude Include="C24BitBMPpixel.h">
      <Filter>Textures</Filter>
    </ClInclude>
    <ClInclude Include="cBasicTextureManager.h">
      <Filter>Textures</Filter>
    </ClInclude>
    <ClInclude Include="cGLColourHelper.h">
      <Filter>Textures</Filter>
    </ClInclude>
    <ClInclude Include="CTextureFromBMP.h">
      <Filter>Textures</Filter>
    </ClInclude>
    <ClInclude Include="JSON_IO.h">
      <Filter>JSONLoader</Filter>
    </ClInclude>
    <ClInclude Include="SkyBox.h">
      <Filter>Header Files</Filter>
    </ClInclude>
    <ClInclude Include="cAABB.h">
      <Filter>BroadFaceCollision</Filter>
    </ClInclude>
    <ClInclude Include="AABBGrid.h">
      <Filter>BroadFaceCollision</Filter>
    </ClInclude>
    <ClInclude Include="colors.h">
      <Filter>Header Files</Filter>
    </ClInclude>
    <ClInclude Include="BroadCollision.h">
      <Filter>BroadFaceCollision</Filter>
    </ClInclude>
    <ClInclude Include="Camera.h">
      <Filter>Cameras</Filter>
    </ClInclude>
    <ClInclude Include="CameraSettings.h">
      <Filter>Cameras</Filter>
    </ClInclude>
    <ClInclude Include="FollowCamera.h">
      <Filter>Cameras</Filter>
    </ClInclude>
    <ClInclude Include="quaternions_utils.h">
      <Filter>Header Files</Filter>
    </ClInclude>
    <ClInclude Include="iCommand.h">
      <Filter>Commands</Filter>
    </ClInclude>
    <ClInclude Include="ScriptBuilder.h">
      <Filter>Header Files</Filter>
    </ClInclude>
    <ClInclude Include="MoveCommand.h">
      <Filter>Commands</Filter>
    </ClInclude>
    <ClInclude Include="SerialCommand.h">
      <Filter>Header Files</Filter>
    </ClInclude>
    <ClInclude Include="ParallelCommand.h">
      <Filter>Header Files</Filter>
    </ClInclude>
    <ClInclude Include="RotateCommand.h">
      <Filter>Header Files</Filter>
    </ClInclude>
    <ClInclude Include="LookToward.h">
      <Filter>Header Files</Filter>
    </ClInclude>
  </ItemGroup>
  <ItemGroup>
    <None Include="assets\shaders\fragmentShader01.glsl">
      <Filter>Shaders</Filter>
    </None>
    <None Include="assets\shaders\vertexShader01.glsl">
      <Filter>Source Files</Filter>
    </None>
  </ItemGroup>
</Project>